# This file is generated by running "yarn install" inside your project.
# Manual changes might be lost - proceed with caution!

__metadata:
  version: 8
  cacheKey: 10c0

"@remix-run/router@npm:1.15.3":
  version: 1.15.3
  resolution: "@remix-run/router@npm:1.15.3"
  checksum: 10c0/aea197447cee21e137d70f0c93e00de70c64fcfae20ae349ade9dc4202e782bd94dbc88be7302d13b6aa6cde38a701b074cd8e09a161d14cecda832a36dd2695
  languageName: node
  linkType: hard

"react-router-dom@npm:^6.22.3":
  version: 6.22.3
  resolution: "react-router-dom@npm:6.22.3"
  dependencies:
    "@remix-run/router": "npm:1.15.3"
    react-router: "npm:6.22.3"
  peerDependencies:
    react: ">=16.8"
    react-dom: ">=16.8"
  checksum: 10c0/39b0472db5d153cbbbf4f5df5c0b26f2b75ffd7b857d7b67d17e03f4618d806b957cf033fbeb265bb317ade951e6ce0d576311bdf6eb15a7013203079cfadf03
  languageName: node
  linkType: hard

"react-router@npm:6.22.3":
  version: 6.22.3
  resolution: "react-router@npm:6.22.3"
  dependencies:
    "@remix-run/router": "npm:1.15.3"
  peerDependencies:
    react: ">=16.8"
  checksum: 10c0/a2c85c3d1fa93585e312b1f7e6e21d1ca421875013a8d879e109d3ed41fb035bc93faef4cd42b354ea18d039bc50b679bf752679ad83ac26a986e3432fbd0462
  languageName: node
  linkType: hard

"react-webcam@npm:^7.2.0":
  version: 7.2.0
  resolution: "react-webcam@npm:7.2.0"
  peerDependencies:
    react: ">=16.2.0"
    react-dom: ">=16.2.0"
  checksum: 10c0/d639a9e4cd545f66a5ecbfdc6c38344f6ae40e6609ba5fb26db730b48723158dedeeecdecba94e4d117517f4db0be828169db270c329b9b71d847e54aba6f7f0
  languageName: node
  linkType: hard

"root-workspace-0b6124@workspace:.":
  version: 0.0.0-use.local
  resolution: "root-workspace-0b6124@workspace:."
  dependencies:
    react-router-dom: "npm:^6.22.3"
    react-webcam: "npm:^7.2.0"
  languageName: unknown
  linkType: soft
